
Microsoft Visual Studio Solution File, Format Version 12.00
# Visual Studio Version 17
VisualStudioVersion = 17.4.33403.182
MinimumVisualStudioVersion = 10.0.40219.1
Project("{FAE04EC0-301F-11D3-BF4B-00C04F79EFBC}") = "Ejercicio 5 - Tema 8", "Ejercicio 5 - Tema 8\Ejercicio 5 - Tema 8.csproj", "{957CB65B-A407-4B61-ACF3-7AA542F1527B}"
EndProject
Global
	GlobalSection(SolutionConfigurationPlatforms) = preSolution
		Debug|Any CPU = Debug|Any CPU
		Release|Any CPU = Release|Any CPU
	EndGlobalSection
	GlobalSection(ProjectConfigurationPlatforms) = postSolution
		{957CB65B-A407-4B61-ACF3-7AA542F1527B}.Debug|Any CPU.ActiveCfg = Debug|Any CPU
		{957CB65B-A407-4B61-ACF3-7AA542F1527B}.Debug|Any CPU.Build.0 = Debug|Any CPU
		{957CB65B-A407-4B61-ACF3-7AA542F1527B}.Release|Any CPU.ActiveCfg = Release|Any CPU
		{957CB65B-A407-4B61-ACF3-7AA542F1527B}.Release|Any CPU.Build.0 = Release|Any CPU
	EndGlobalSection
	GlobalSection(SolutionProperties) = preSolution
		HideSolutionNode = FALSE
	EndGlobalSection
	GlobalSection(ExtensibilityGlobals) = postSolution
		SolutionGuid = {DECC84D5-2F2F-4845-8366-6A248FE8DEA4}
	EndGlobalSection
EndGlobal
