
Microsoft Visual Studio Solution File, Format Version 12.00
# Visual Studio Version 17
VisualStudioVersion = 17.3.32929.385
MinimumVisualStudioVersion = 10.0.40219.1
Project("{FAE04EC0-301F-11D3-BF4B-00C04F79EFBC}") = "Tema 4 - Ejercicio 10", "Tema 4 - Ejercicio 10\Tema 4 - Ejercicio 10.csproj", "{BCAD745D-36CB-4F4B-8EBA-BCA09B13A5BA}"
EndProject
Global
	GlobalSection(SolutionConfigurationPlatforms) = preSolution
		Debug|Any CPU = Debug|Any CPU
		Release|Any CPU = Release|Any CPU
	EndGlobalSection
	GlobalSection(ProjectConfigurationPlatforms) = postSolution
		{BCAD745D-36CB-4F4B-8EBA-BCA09B13A5BA}.Debug|Any CPU.ActiveCfg = Debug|Any CPU
		{BCAD745D-36CB-4F4B-8EBA-BCA09B13A5BA}.Debug|Any CPU.Build.0 = Debug|Any CPU
		{BCAD745D-36CB-4F4B-8EBA-BCA09B13A5BA}.Release|Any CPU.ActiveCfg = Release|Any CPU
		{BCAD745D-36CB-4F4B-8EBA-BCA09B13A5BA}.Release|Any CPU.Build.0 = Release|Any CPU
	EndGlobalSection
	GlobalSection(SolutionProperties) = preSolution
		HideSolutionNode = FALSE
	EndGlobalSection
	GlobalSection(ExtensibilityGlobals) = postSolution
		SolutionGuid = {B24078AC-341C-4707-9CE9-87CBA1437927}
	EndGlobalSection
EndGlobal
