
Microsoft Visual Studio Solution File, Format Version 12.00
# Visual Studio Version 17
VisualStudioVersion = 17.3.32929.385
MinimumVisualStudioVersion = 10.0.40219.1
Project("{FAE04EC0-301F-11D3-BF4B-00C04F79EFBC}") = "Tema 4 - Ejercicio 2", "Tema 4 - Ejercicio 2\Tema 4 - Ejercicio 2.csproj", "{F98E7231-5054-4B26-BC6E-4BCF10E62C3D}"
EndProject
Global
	GlobalSection(SolutionConfigurationPlatforms) = preSolution
		Debug|Any CPU = Debug|Any CPU
		Release|Any CPU = Release|Any CPU
	EndGlobalSection
	GlobalSection(ProjectConfigurationPlatforms) = postSolution
		{F98E7231-5054-4B26-BC6E-4BCF10E62C3D}.Debug|Any CPU.ActiveCfg = Debug|Any CPU
		{F98E7231-5054-4B26-BC6E-4BCF10E62C3D}.Debug|Any CPU.Build.0 = Debug|Any CPU
		{F98E7231-5054-4B26-BC6E-4BCF10E62C3D}.Release|Any CPU.ActiveCfg = Release|Any CPU
		{F98E7231-5054-4B26-BC6E-4BCF10E62C3D}.Release|Any CPU.Build.0 = Release|Any CPU
	EndGlobalSection
	GlobalSection(SolutionProperties) = preSolution
		HideSolutionNode = FALSE
	EndGlobalSection
	GlobalSection(ExtensibilityGlobals) = postSolution
		SolutionGuid = {1661BD89-072F-4255-9DB3-48D7CB79715E}
	EndGlobalSection
EndGlobal
