
Microsoft Visual Studio Solution File, Format Version 12.00
# Visual Studio Version 17
VisualStudioVersion = 17.4.33403.182
MinimumVisualStudioVersion = 10.0.40219.1
Project("{FAE04EC0-301F-11D3-BF4B-00C04F79EFBC}") = "Ejercicio 4 - Tema 8", "Ejercicio 4 - Tema 8\Ejercicio 4 - Tema 8.csproj", "{28FFC868-F3AF-4C0E-9629-E685C1986EF6}"
EndProject
Global
	GlobalSection(SolutionConfigurationPlatforms) = preSolution
		Debug|Any CPU = Debug|Any CPU
		Release|Any CPU = Release|Any CPU
	EndGlobalSection
	GlobalSection(ProjectConfigurationPlatforms) = postSolution
		{28FFC868-F3AF-4C0E-9629-E685C1986EF6}.Debug|Any CPU.ActiveCfg = Debug|Any CPU
		{28FFC868-F3AF-4C0E-9629-E685C1986EF6}.Debug|Any CPU.Build.0 = Debug|Any CPU
		{28FFC868-F3AF-4C0E-9629-E685C1986EF6}.Release|Any CPU.ActiveCfg = Release|Any CPU
		{28FFC868-F3AF-4C0E-9629-E685C1986EF6}.Release|Any CPU.Build.0 = Release|Any CPU
	EndGlobalSection
	GlobalSection(SolutionProperties) = preSolution
		HideSolutionNode = FALSE
	EndGlobalSection
	GlobalSection(ExtensibilityGlobals) = postSolution
		SolutionGuid = {3D696836-660D-4B1A-82AD-D37BF12F3455}
	EndGlobalSection
EndGlobal
