
Microsoft Visual Studio Solution File, Format Version 12.00
# Visual Studio Version 17
VisualStudioVersion = 17.3.32901.215
MinimumVisualStudioVersion = 10.0.40219.1
Project("{FAE04EC0-301F-11D3-BF4B-00C04F79EFBC}") = "Tema 3 - Ejercicio 15", "Tema 3 - Ejercicio 15\Tema 3 - Ejercicio 15.csproj", "{D932FFFA-646F-465B-AF59-9EA2D95A38BF}"
EndProject
Global
	GlobalSection(SolutionConfigurationPlatforms) = preSolution
		Debug|Any CPU = Debug|Any CPU
		Release|Any CPU = Release|Any CPU
	EndGlobalSection
	GlobalSection(ProjectConfigurationPlatforms) = postSolution
		{D932FFFA-646F-465B-AF59-9EA2D95A38BF}.Debug|Any CPU.ActiveCfg = Debug|Any CPU
		{D932FFFA-646F-465B-AF59-9EA2D95A38BF}.Debug|Any CPU.Build.0 = Debug|Any CPU
		{D932FFFA-646F-465B-AF59-9EA2D95A38BF}.Release|Any CPU.ActiveCfg = Release|Any CPU
		{D932FFFA-646F-465B-AF59-9EA2D95A38BF}.Release|Any CPU.Build.0 = Release|Any CPU
	EndGlobalSection
	GlobalSection(SolutionProperties) = preSolution
		HideSolutionNode = FALSE
	EndGlobalSection
	GlobalSection(ExtensibilityGlobals) = postSolution
		SolutionGuid = {D5DEF804-61B2-4832-A048-409C9C2C7D41}
	EndGlobalSection
EndGlobal
