
Microsoft Visual Studio Solution File, Format Version 12.00
# Visual Studio Version 17
VisualStudioVersion = 17.3.32901.215
MinimumVisualStudioVersion = 10.0.40219.1
Project("{FAE04EC0-301F-11D3-BF4B-00C04F79EFBC}") = "Tema 3 - Ejercicio 29", "Tema 3 - Ejercicio 29\Tema 3 - Ejercicio 29.csproj", "{700CD640-BB8F-49EA-9FC6-2C2B43935CFA}"
EndProject
Global
	GlobalSection(SolutionConfigurationPlatforms) = preSolution
		Debug|Any CPU = Debug|Any CPU
		Release|Any CPU = Release|Any CPU
	EndGlobalSection
	GlobalSection(ProjectConfigurationPlatforms) = postSolution
		{700CD640-BB8F-49EA-9FC6-2C2B43935CFA}.Debug|Any CPU.ActiveCfg = Debug|Any CPU
		{700CD640-BB8F-49EA-9FC6-2C2B43935CFA}.Debug|Any CPU.Build.0 = Debug|Any CPU
		{700CD640-BB8F-49EA-9FC6-2C2B43935CFA}.Release|Any CPU.ActiveCfg = Release|Any CPU
		{700CD640-BB8F-49EA-9FC6-2C2B43935CFA}.Release|Any CPU.Build.0 = Release|Any CPU
	EndGlobalSection
	GlobalSection(SolutionProperties) = preSolution
		HideSolutionNode = FALSE
	EndGlobalSection
	GlobalSection(ExtensibilityGlobals) = postSolution
		SolutionGuid = {80268E10-2B3C-416E-A3DB-61D59D48934F}
	EndGlobalSection
EndGlobal
