
Microsoft Visual Studio Solution File, Format Version 12.00
# Visual Studio Version 17
VisualStudioVersion = 17.4.33403.182
MinimumVisualStudioVersion = 10.0.40219.1
Project("{FAE04EC0-301F-11D3-BF4B-00C04F79EFBC}") = "Ejercicio 1 - Tema 8", "Ejercicio 1 - Tema 8\Ejercicio 1 - Tema 8.csproj", "{7032E841-C174-4AA6-9FEB-3EFEDFD5397B}"
EndProject
Global
	GlobalSection(SolutionConfigurationPlatforms) = preSolution
		Debug|Any CPU = Debug|Any CPU
		Release|Any CPU = Release|Any CPU
	EndGlobalSection
	GlobalSection(ProjectConfigurationPlatforms) = postSolution
		{7032E841-C174-4AA6-9FEB-3EFEDFD5397B}.Debug|Any CPU.ActiveCfg = Debug|Any CPU
		{7032E841-C174-4AA6-9FEB-3EFEDFD5397B}.Debug|Any CPU.Build.0 = Debug|Any CPU
		{7032E841-C174-4AA6-9FEB-3EFEDFD5397B}.Release|Any CPU.ActiveCfg = Release|Any CPU
		{7032E841-C174-4AA6-9FEB-3EFEDFD5397B}.Release|Any CPU.Build.0 = Release|Any CPU
	EndGlobalSection
	GlobalSection(SolutionProperties) = preSolution
		HideSolutionNode = FALSE
	EndGlobalSection
	GlobalSection(ExtensibilityGlobals) = postSolution
		SolutionGuid = {E54A63CC-56AA-4560-959F-C31C8489EE23}
	EndGlobalSection
EndGlobal
