
Microsoft Visual Studio Solution File, Format Version 12.00
# Visual Studio Version 17
VisualStudioVersion = 17.4.33110.190
MinimumVisualStudioVersion = 10.0.40219.1
Project("{FAE04EC0-301F-11D3-BF4B-00C04F79EFBC}") = "Tema 7 - Ejercicio 1", "Tema 7 - Ejercicio 1\Tema 7 - Ejercicio 1.csproj", "{7922996F-0549-4FF9-9415-5A46E7A7205A}"
EndProject
Global
	GlobalSection(SolutionConfigurationPlatforms) = preSolution
		Debug|Any CPU = Debug|Any CPU
		Release|Any CPU = Release|Any CPU
	EndGlobalSection
	GlobalSection(ProjectConfigurationPlatforms) = postSolution
		{7922996F-0549-4FF9-9415-5A46E7A7205A}.Debug|Any CPU.ActiveCfg = Debug|Any CPU
		{7922996F-0549-4FF9-9415-5A46E7A7205A}.Debug|Any CPU.Build.0 = Debug|Any CPU
		{7922996F-0549-4FF9-9415-5A46E7A7205A}.Release|Any CPU.ActiveCfg = Release|Any CPU
		{7922996F-0549-4FF9-9415-5A46E7A7205A}.Release|Any CPU.Build.0 = Release|Any CPU
	EndGlobalSection
	GlobalSection(SolutionProperties) = preSolution
		HideSolutionNode = FALSE
	EndGlobalSection
	GlobalSection(ExtensibilityGlobals) = postSolution
		SolutionGuid = {3CD73631-9E13-4E3E-B305-75FE2CA192D9}
	EndGlobalSection
EndGlobal
