
Microsoft Visual Studio Solution File, Format Version 12.00
# Visual Studio Version 17
VisualStudioVersion = 17.4.33110.190
MinimumVisualStudioVersion = 10.0.40219.1
Project("{FAE04EC0-301F-11D3-BF4B-00C04F79EFBC}") = "Tema 5 - Ejercicio 10", "Tema 5 - Ejercicio 10\Tema 5 - Ejercicio 10.csproj", "{A80E20B8-85B4-4994-906D-7E905BD86AD3}"
EndProject
Global
	GlobalSection(SolutionConfigurationPlatforms) = preSolution
		Debug|Any CPU = Debug|Any CPU
		Release|Any CPU = Release|Any CPU
	EndGlobalSection
	GlobalSection(ProjectConfigurationPlatforms) = postSolution
		{A80E20B8-85B4-4994-906D-7E905BD86AD3}.Debug|Any CPU.ActiveCfg = Debug|Any CPU
		{A80E20B8-85B4-4994-906D-7E905BD86AD3}.Debug|Any CPU.Build.0 = Debug|Any CPU
		{A80E20B8-85B4-4994-906D-7E905BD86AD3}.Release|Any CPU.ActiveCfg = Release|Any CPU
		{A80E20B8-85B4-4994-906D-7E905BD86AD3}.Release|Any CPU.Build.0 = Release|Any CPU
	EndGlobalSection
	GlobalSection(SolutionProperties) = preSolution
		HideSolutionNode = FALSE
	EndGlobalSection
	GlobalSection(ExtensibilityGlobals) = postSolution
		SolutionGuid = {B7D56DAA-B706-4545-97C0-B122DB0B36C7}
	EndGlobalSection
EndGlobal
