
Microsoft Visual Studio Solution File, Format Version 12.00
# Visual Studio Version 17
VisualStudioVersion = 17.3.32901.215
MinimumVisualStudioVersion = 10.0.40219.1
Project("{FAE04EC0-301F-11D3-BF4B-00C04F79EFBC}") = "Ejercicio 12 - Tema 2", "Ejercicio 12 - Tema 2\Ejercicio 12 - Tema 2.csproj", "{A1B3DEEC-EE9E-4F99-9AEF-F25C0252CCCF}"
EndProject
Global
	GlobalSection(SolutionConfigurationPlatforms) = preSolution
		Debug|Any CPU = Debug|Any CPU
		Release|Any CPU = Release|Any CPU
	EndGlobalSection
	GlobalSection(ProjectConfigurationPlatforms) = postSolution
		{A1B3DEEC-EE9E-4F99-9AEF-F25C0252CCCF}.Debug|Any CPU.ActiveCfg = Debug|Any CPU
		{A1B3DEEC-EE9E-4F99-9AEF-F25C0252CCCF}.Debug|Any CPU.Build.0 = Debug|Any CPU
		{A1B3DEEC-EE9E-4F99-9AEF-F25C0252CCCF}.Release|Any CPU.ActiveCfg = Release|Any CPU
		{A1B3DEEC-EE9E-4F99-9AEF-F25C0252CCCF}.Release|Any CPU.Build.0 = Release|Any CPU
	EndGlobalSection
	GlobalSection(SolutionProperties) = preSolution
		HideSolutionNode = FALSE
	EndGlobalSection
	GlobalSection(ExtensibilityGlobals) = postSolution
		SolutionGuid = {E52BB422-1BBF-4596-A798-1B3C93BA33C7}
	EndGlobalSection
EndGlobal
