
Microsoft Visual Studio Solution File, Format Version 12.00
# Visual Studio Version 17
VisualStudioVersion = 17.4.33110.190
MinimumVisualStudioVersion = 10.0.40219.1
Project("{FAE04EC0-301F-11D3-BF4B-00C04F79EFBC}") = "Tema 5 - Ejercicio 19", "Tema 5 - Ejercicio 19\Tema 5 - Ejercicio 19.csproj", "{0BB4A1C6-6155-48BC-8512-524D7ACEE79F}"
EndProject
Global
	GlobalSection(SolutionConfigurationPlatforms) = preSolution
		Debug|Any CPU = Debug|Any CPU
		Release|Any CPU = Release|Any CPU
	EndGlobalSection
	GlobalSection(ProjectConfigurationPlatforms) = postSolution
		{0BB4A1C6-6155-48BC-8512-524D7ACEE79F}.Debug|Any CPU.ActiveCfg = Debug|Any CPU
		{0BB4A1C6-6155-48BC-8512-524D7ACEE79F}.Debug|Any CPU.Build.0 = Debug|Any CPU
		{0BB4A1C6-6155-48BC-8512-524D7ACEE79F}.Release|Any CPU.ActiveCfg = Release|Any CPU
		{0BB4A1C6-6155-48BC-8512-524D7ACEE79F}.Release|Any CPU.Build.0 = Release|Any CPU
	EndGlobalSection
	GlobalSection(SolutionProperties) = preSolution
		HideSolutionNode = FALSE
	EndGlobalSection
	GlobalSection(ExtensibilityGlobals) = postSolution
		SolutionGuid = {1277CC46-A86F-48E9-B542-BA9B4D719C00}
	EndGlobalSection
EndGlobal
