
Microsoft Visual Studio Solution File, Format Version 12.00
# Visual Studio Version 17
VisualStudioVersion = 17.4.33403.182
MinimumVisualStudioVersion = 10.0.40219.1
Project("{FAE04EC0-301F-11D3-BF4B-00C04F79EFBC}") = "Notas test", "Notas test\Notas test.csproj", "{2CAE57F2-BB85-4FF1-9023-5495CE4DAC40}"
EndProject
Global
	GlobalSection(SolutionConfigurationPlatforms) = preSolution
		Debug|Any CPU = Debug|Any CPU
		Release|Any CPU = Release|Any CPU
	EndGlobalSection
	GlobalSection(ProjectConfigurationPlatforms) = postSolution
		{2CAE57F2-BB85-4FF1-9023-5495CE4DAC40}.Debug|Any CPU.ActiveCfg = Debug|Any CPU
		{2CAE57F2-BB85-4FF1-9023-5495CE4DAC40}.Debug|Any CPU.Build.0 = Debug|Any CPU
		{2CAE57F2-BB85-4FF1-9023-5495CE4DAC40}.Release|Any CPU.ActiveCfg = Release|Any CPU
		{2CAE57F2-BB85-4FF1-9023-5495CE4DAC40}.Release|Any CPU.Build.0 = Release|Any CPU
	EndGlobalSection
	GlobalSection(SolutionProperties) = preSolution
		HideSolutionNode = FALSE
	EndGlobalSection
	GlobalSection(ExtensibilityGlobals) = postSolution
		SolutionGuid = {C09D7CD9-96BD-4973-8061-F90503142487}
	EndGlobalSection
EndGlobal
